{
  "requires": true,
  "lockfileVersion": 1,
  "dependencies": {
    "@tensorflow-models/posenet": {
      "version": "2.1.1",
      "resolved": "https://registry.npmjs.org/@tensorflow-models/posenet/-/posenet-2.1.1.tgz",
      "integrity": "sha512-NIVK4i3FdggAcltCpQY/VoPhk4jxfINM+fk74SNyse/yGiiR5BH11sL1AhbaZNqyQuEDVSTeoT6FmK5H4KhfoA=="
    }
  }
}
